
Microsoft Visual Studio Solution File, Format Version 12.00
# Visual Studio Version 17
VisualStudioVersion = 17.7.34024.191
MinimumVisualStudioVersion = 10.0.40219.1
Project("{FAE04EC0-301F-11D3-BF4B-00C04F79EFBC}") = "its a bomb", "its a bomb\its a bomb.csproj", "{CAE442F3-F4A4-4291-A78B-087D88AF19DE}"
EndProject
Global
	GlobalSection(SolutionConfigurationPlatforms) = preSolution
		Debug|Any CPU = Debug|Any CPU
		Release|Any CPU = Release|Any CPU
	EndGlobalSection
	GlobalSection(ProjectConfigurationPlatforms) = postSolution
		{CAE442F3-F4A4-4291-A78B-087D88AF19DE}.Debug|Any CPU.ActiveCfg = Debug|Any CPU
		{CAE442F3-F4A4-4291-A78B-087D88AF19DE}.Debug|Any CPU.Build.0 = Debug|Any CPU
		{CAE442F3-F4A4-4291-A78B-087D88AF19DE}.Release|Any CPU.ActiveCfg = Release|Any CPU
		{CAE442F3-F4A4-4291-A78B-087D88AF19DE}.Release|Any CPU.Build.0 = Release|Any CPU
	EndGlobalSection
	GlobalSection(SolutionProperties) = preSolution
		HideSolutionNode = FALSE
	EndGlobalSection
	GlobalSection(ExtensibilityGlobals) = postSolution
		SolutionGuid = {FD2CCC46-C474-4612-9D0C-0EB845BEAED3}
	EndGlobalSection
EndGlobal
