
Microsoft Visual Studio Solution File, Format Version 12.00
# Visual Studio Version 17
VisualStudioVersion = 17.7.34024.191
MinimumVisualStudioVersion = 10.0.40219.1
Project("{FAE04EC0-301F-11D3-BF4B-00C04F79EFBC}") = "winform2", "winform2\winform2.csproj", "{16592530-8E30-4C02-805C-1E0C19C8E852}"
EndProject
Global
	GlobalSection(SolutionConfigurationPlatforms) = preSolution
		Debug|Any CPU = Debug|Any CPU
		Release|Any CPU = Release|Any CPU
	EndGlobalSection
	GlobalSection(ProjectConfigurationPlatforms) = postSolution
		{16592530-8E30-4C02-805C-1E0C19C8E852}.Debug|Any CPU.ActiveCfg = Debug|Any CPU
		{16592530-8E30-4C02-805C-1E0C19C8E852}.Debug|Any CPU.Build.0 = Debug|Any CPU
		{16592530-8E30-4C02-805C-1E0C19C8E852}.Release|Any CPU.ActiveCfg = Release|Any CPU
		{16592530-8E30-4C02-805C-1E0C19C8E852}.Release|Any CPU.Build.0 = Release|Any CPU
	EndGlobalSection
	GlobalSection(SolutionProperties) = preSolution
		HideSolutionNode = FALSE
	EndGlobalSection
	GlobalSection(ExtensibilityGlobals) = postSolution
		SolutionGuid = {DEC5967E-5E62-43F6-B983-1F7A36573EB3}
	EndGlobalSection
EndGlobal
