
Microsoft Visual Studio Solution File, Format Version 12.00
# Visual Studio Version 17
VisualStudioVersion = 17.7.34024.191
MinimumVisualStudioVersion = 10.0.40219.1
Project("{FAE04EC0-301F-11D3-BF4B-00C04F79EFBC}") = "loop-statement", "loop-statement\loop-statement.csproj", "{8695BB63-B0E2-4F98-A790-A4BB7FEFBDFA}"
EndProject
Global
	GlobalSection(SolutionConfigurationPlatforms) = preSolution
		Debug|Any CPU = Debug|Any CPU
		Release|Any CPU = Release|Any CPU
	EndGlobalSection
	GlobalSection(ProjectConfigurationPlatforms) = postSolution
		{8695BB63-B0E2-4F98-A790-A4BB7FEFBDFA}.Debug|Any CPU.ActiveCfg = Debug|Any CPU
		{8695BB63-B0E2-4F98-A790-A4BB7FEFBDFA}.Debug|Any CPU.Build.0 = Debug|Any CPU
		{8695BB63-B0E2-4F98-A790-A4BB7FEFBDFA}.Release|Any CPU.ActiveCfg = Release|Any CPU
		{8695BB63-B0E2-4F98-A790-A4BB7FEFBDFA}.Release|Any CPU.Build.0 = Release|Any CPU
	EndGlobalSection
	GlobalSection(SolutionProperties) = preSolution
		HideSolutionNode = FALSE
	EndGlobalSection
	GlobalSection(ExtensibilityGlobals) = postSolution
		SolutionGuid = {DE46A8A3-6AB0-4592-B3C4-F62CA8B29533}
	EndGlobalSection
EndGlobal
